// !$*UTF8*$!
{
	archiveVersion = 1;
	classes = {
	};
	objectVersion = 46;
	objects = {

/* Begin PBXBuildFile section */
		68C3039B36AC18CFB8FEDD14 /* libPods.a in Frameworks */ = {isa = PBXBuildFile; fileRef = 3E103AA32A9571ED1BD466B0 /* libPods.a */; };
		DD60F9B61CAC149B003383C0 /* main.m in Sources */ = {isa = PBXBuildFile; fileRef = DD60F9B51CAC149B003383C0 /* main.m */; };
		DD60F9B91CAC149B003383C0 /* AppDelegate.m in Sources */ = {isa = PBXBuildFile; fileRef = DD60F9B81CAC149B003383C0 /* AppDelegate.m */; };
		DD60F9BF1CAC149B003383C0 /* Main.storyboard in Resources */ = {isa = PBXBuildFile; fileRef = DD60F9BD1CAC149B003383C0 /* Main.storyboard */; };
		DD60F9C11CAC149B003383C0 /* Assets.xcassets in Resources */ = {isa = PBXBuildFile; fileRef = DD60F9C01CAC149B003383C0 /* Assets.xcassets */; };
		DD60F9C41CAC149B003383C0 /* LaunchScreen.storyboard in Resources */ = {isa = PBXBuildFile; fileRef = DD60F9C21CAC149B003383C0 /* LaunchScreen.storyboard */; };
		DD60F9CF1CAC149B003383C0 /* LDEndlessShowTests.m in Sources */ = {isa = PBXBuildFile; fileRef = DD60F9CE1CAC149B003383C0 /* LDEndlessShowTests.m */; };
		DD60F9DA1CAC149B003383C0 /* LDEndlessShowUITests.m in Sources */ = {isa = PBXBuildFile; fileRef = DD60F9D91CAC149B003383C0 /* LDEndlessShowUITests.m */; };
		DDF308871CAD65BA009CB92D /* LDHeaderView.m in Sources */ = {isa = PBXBuildFile; fileRef = DDF308861CAD65BA009CB92D /* LDHeaderView.m */; };
		DDF3088A1CAD7A70009CB92D /* LDHeaderViewController.m in Sources */ = {isa = PBXBuildFile; fileRef = DDF308891CAD7A70009CB92D /* LDHeaderViewController.m */; };
		DDF308CC1CAE6930009CB92D /* LDHomeViewController.m in Sources */ = {isa = PBXBuildFile; fileRef = DDF308CB1CAE6930009CB92D /* LDHomeViewController.m */; };
		DDF308F71CAF5A37009CB92D /* UIView+endlessShow.m in Sources */ = {isa = PBXBuildFile; fileRef = DDF308F61CAF5A37009CB92D /* UIView+endlessShow.m */; };
		DDF3094E1CAFD584009CB92D /* LDAnimationView.m in Sources */ = {isa = PBXBuildFile; fileRef = DDF3094B1CAFD584009CB92D /* LDAnimationView.m */; };
		DDF3094F1CAFD584009CB92D /* UIView+Animation.m in Sources */ = {isa = PBXBuildFile; fileRef = DDF3094D1CAFD584009CB92D /* UIView+Animation.m */; };
		DDF309521CAFD605009CB92D /* LDSecondViewController.m in Sources */ = {isa = PBXBuildFile; fileRef = DDF309511CAFD605009CB92D /* LDSecondViewController.m */; };
		DDF309551CB002A4009CB92D /* LDHomeCell.m in Sources */ = {isa = PBXBuildFile; fileRef = DDF309541CB002A4009CB92D /* LDHomeCell.m */; };
/* End PBXBuildFile section */

/* Begin PBXContainerItemProxy section */
		DD60F9CB1CAC149B003383C0 /* PBXContainerItemProxy */ = {
			isa = PBXContainerItemProxy;
			containerPortal = DD60F9A91CAC149B003383C0 /* Project object */;
			proxyType = 1;
			remoteGlobalIDString = DD60F9B01CAC149B003383C0;
			remoteInfo = LDEndlessShow;
		};
		DD60F9D61CAC149B003383C0 /* PBXContainerItemProxy */ = {
			isa = PBXContainerItemProxy;
			containerPortal = DD60F9A91CAC149B003383C0 /* Project object */;
			proxyType = 1;
			remoteGlobalIDString = DD60F9B01CAC149B003383C0;
			remoteInfo = LDEndlessShow;
		};
/* End PBXContainerItemProxy section */

/* Begin PBXFileReference section */
		04B765A59A5CD2FCA91AF198 /* Pods.debug.xcconfig */ = {isa = PBXFileReference; includeInIndex = 1; lastKnownFileType = text.xcconfig; name = Pods.debug.xcconfig; path = "Pods/Target Support Files/Pods/Pods.debug.xcconfig"; sourceTree = "<group>"; };
		3E103AA32A9571ED1BD466B0 /* libPods.a */ = {isa = PBXFileReference; explicitFileType = archive.ar; includeInIndex = 0; path = libPods.a; sourceTree = BUILT_PRODUCTS_DIR; };
		3EED10C483D9E0BF966468EC /* Pods.release.xcconfig */ = {isa = PBXFileReference; includeInIndex = 1; lastKnownFileType = text.xcconfig; name = Pods.release.xcconfig; path = "Pods/Target Support Files/Pods/Pods.release.xcconfig"; sourceTree = "<group>"; };
		DD60F9B11CAC149B003383C0 /* LDEndlessShow.app */ = {isa = PBXFileReference; explicitFileType = wrapper.application; includeInIndex = 0; path = LDEndlessShow.app; sourceTree = BUILT_PRODUCTS_DIR; };
		DD60F9B51CAC149B003383C0 /* main.m */ = {isa = PBXFileReference; lastKnownFileType = sourcecode.c.objc; path = main.m; sourceTree = "<group>"; };
		DD60F9B71CAC149B003383C0 /* AppDelegate.h */ = {isa = PBXFileReference; lastKnownFileType = sourcecode.c.h; path = AppDelegate.h; sourceTree = "<group>"; };
		DD60F9B81CAC149B003383C0 /* AppDelegate.m */ = {isa = PBXFileReference; lastKnownFileType = sourcecode.c.objc; path = AppDelegate.m; sourceTree = "<group>"; };
		DD60F9BE1CAC149B003383C0 /* Base */ = {isa = PBXFileReference; lastKnownFileType = file.storyboard; name = Base; path = Base.lproj/Main.storyboard; sourceTree = "<group>"; };
		DD60F9C01CAC149B003383C0 /* Assets.xcassets */ = {isa = PBXFileReference; lastKnownFileType = folder.assetcatalog; path = Assets.xcassets; sourceTree = "<group>"; };
		DD60F9C31CAC149B003383C0 /* Base */ = {isa = PBXFileReference; lastKnownFileType = file.storyboard; name = Base; path = Base.lproj/LaunchScreen.storyboard; sourceTree = "<group>"; };
		DD60F9C51CAC149B003383C0 /* Info.plist */ = {isa = PBXFileReference; lastKnownFileType = text.plist.xml; path = Info.plist; sourceTree = "<group>"; };
		DD60F9CA1CAC149B003383C0 /* LDEndlessShowTests.xctest */ = {isa = PBXFileReference; explicitFileType = wrapper.cfbundle; includeInIndex = 0; path = LDEndlessShowTests.xctest; sourceTree = BUILT_PRODUCTS_DIR; };
		DD60F9CE1CAC149B003383C0 /* LDEndlessShowTests.m */ = {isa = PBXFileReference; lastKnownFileType = sourcecode.c.objc; path = LDEndlessShowTests.m; sourceTree = "<group>"; };
		DD60F9D01CAC149B003383C0 /* Info.plist */ = {isa = PBXFileReference; lastKnownFileType = text.plist.xml; path = Info.plist; sourceTree = "<group>"; };
		DD60F9D51CAC149B003383C0 /* LDEndlessShowUITests.xctest */ = {isa = PBXFileReference; explicitFileType = wrapper.cfbundle; includeInIndex = 0; path = LDEndlessShowUITests.xctest; sourceTree = BUILT_PRODUCTS_DIR; };
		DD60F9D91CAC149B003383C0 /* LDEndlessShowUITests.m */ = {isa = PBXFileReference; lastKnownFileType = sourcecode.c.objc; path = LDEndlessShowUITests.m; sourceTree = "<group>"; };
		DD60F9DB1CAC149B003383C0 /* Info.plist */ = {isa = PBXFileReference; lastKnownFileType = text.plist.xml; path = Info.plist; sourceTree = "<group>"; };
		DDF308851CAD65BA009CB92D /* LDHeaderView.h */ = {isa = PBXFileReference; fileEncoding = 4; lastKnownFileType = sourcecode.c.h; path = LDHeaderView.h; sourceTree = "<group>"; };
		DDF308861CAD65BA009CB92D /* LDHeaderView.m */ = {isa = PBXFileReference; fileEncoding = 4; lastKnownFileType = sourcecode.c.objc; path = LDHeaderView.m; sourceTree = "<group>"; };
		DDF308881CAD7A70009CB92D /* LDHeaderViewController.h */ = {isa = PBXFileReference; fileEncoding = 4; lastKnownFileType = sourcecode.c.h; path = LDHeaderViewController.h; sourceTree = "<group>"; };
		DDF308891CAD7A70009CB92D /* LDHeaderViewController.m */ = {isa = PBXFileReference; fileEncoding = 4; lastKnownFileType = sourcecode.c.objc; path = LDHeaderViewController.m; sourceTree = "<group>"; };
		DDF308CA1CAE6930009CB92D /* LDHomeViewController.h */ = {isa = PBXFileReference; fileEncoding = 4; lastKnownFileType = sourcecode.c.h; path = LDHomeViewController.h; sourceTree = "<group>"; };
		DDF308CB1CAE6930009CB92D /* LDHomeViewController.m */ = {isa = PBXFileReference; fileEncoding = 4; lastKnownFileType = sourcecode.c.objc; path = LDHomeViewController.m; sourceTree = "<group>"; };
		DDF308F51CAF5A37009CB92D /* UIView+endlessShow.h */ = {isa = PBXFileReference; fileEncoding = 4; lastKnownFileType = sourcecode.c.h; path = "UIView+endlessShow.h"; sourceTree = "<group>"; };
		DDF308F61CAF5A37009CB92D /* UIView+endlessShow.m */ = {isa = PBXFileReference; fileEncoding = 4; lastKnownFileType = sourcecode.c.objc; path = "UIView+endlessShow.m"; sourceTree = "<group>"; };
		DDF3094A1CAFD584009CB92D /* LDAnimationView.h */ = {isa = PBXFileReference; fileEncoding = 4; lastKnownFileType = sourcecode.c.h; path = LDAnimationView.h; sourceTree = "<group>"; };
		DDF3094B1CAFD584009CB92D /* LDAnimationView.m */ = {isa = PBXFileReference; fileEncoding = 4; lastKnownFileType = sourcecode.c.objc; path = LDAnimationView.m; sourceTree = "<group>"; };
		DDF3094C1CAFD584009CB92D /* UIView+Animation.h */ = {isa = PBXFileReference; fileEncoding = 4; lastKnownFileType = sourcecode.c.h; path = "UIView+Animation.h"; sourceTree = "<group>"; };
		DDF3094D1CAFD584009CB92D /* UIView+Animation.m */ = {isa = PBXFileReference; fileEncoding = 4; lastKnownFileType = sourcecode.c.objc; path = "UIView+Animation.m"; sourceTree = "<group>"; };
		DDF309501CAFD605009CB92D /* LDSecondViewController.h */ = {isa = PBXFileReference; fileEncoding = 4; lastKnownFileType = sourcecode.c.h; path = LDSecondViewController.h; sourceTree = "<group>"; };
		DDF309511CAFD605009CB92D /* LDSecondViewController.m */ = {isa = PBXFileReference; fileEncoding = 4; lastKnownFileType = sourcecode.c.objc; path = LDSecondViewController.m; sourceTree = "<group>"; };
		DDF309531CB002A4009CB92D /* LDHomeCell.h */ = {isa = PBXFileReference; fileEncoding = 4; lastKnownFileType = sourcecode.c.h; path = LDHomeCell.h; sourceTree = "<group>"; };
		DDF309541CB002A4009CB92D /* LDHomeCell.m */ = {isa = PBXFileReference; fileEncoding = 4; lastKnownFileType = sourcecode.c.objc; path = LDHomeCell.m; sourceTree = "<group>"; };
/* End PBXFileReference section */

/* Begin PBXFrameworksBuildPhase section */
		DD60F9AE1CAC149B003383C0 /* Frameworks */ = {
			isa = PBXFrameworksBuildPhase;
			buildActionMask = 2147483647;
			files = (
				68C3039B36AC18CFB8FEDD14 /* libPods.a in Frameworks */,
			);
			runOnlyForDeploymentPostprocessing = 0;
		};
		DD60F9C71CAC149B003383C0 /* Frameworks */ = {
			isa = PBXFrameworksBuildPhase;
			buildActionMask = 2147483647;
			files = (
			);
			runOnlyForDeploymentPostprocessing = 0;
		};
		DD60F9D21CAC149B003383C0 /* Frameworks */ = {
			isa = PBXFrameworksBuildPhase;
			buildActionMask = 2147483647;
			files = (
			);
			runOnlyForDeploymentPostprocessing = 0;
		};
/* End PBXFrameworksBuildPhase section */

/* Begin PBXGroup section */
		9A6E1029A8B4EB5A2FDACF0E /* Pods */ = {
			isa = PBXGroup;
			children = (
				04B765A59A5CD2FCA91AF198 /* Pods.debug.xcconfig */,
				3EED10C483D9E0BF966468EC /* Pods.release.xcconfig */,
			);
			name = Pods;
			sourceTree = "<group>";
		};
		DD60F9A81CAC149B003383C0 = {
			isa = PBXGroup;
			children = (
				DD60F9B31CAC149B003383C0 /* LDEndlessShow */,
				DD60F9CD1CAC149B003383C0 /* LDEndlessShowTests */,
				DD60F9D81CAC149B003383C0 /* LDEndlessShowUITests */,
				DD60F9B21CAC149B003383C0 /* Products */,
				9A6E1029A8B4EB5A2FDACF0E /* Pods */,
				E84F0B78C68251787AACB31A /* Frameworks */,
			);
			sourceTree = "<group>";
		};
		DD60F9B21CAC149B003383C0 /* Products */ = {
			isa = PBXGroup;
			children = (
				DD60F9B11CAC149B003383C0 /* LDEndlessShow.app */,
				DD60F9CA1CAC149B003383C0 /* LDEndlessShowTests.xctest */,
				DD60F9D51CAC149B003383C0 /* LDEndlessShowUITests.xctest */,
			);
			name = Products;
			sourceTree = "<group>";
		};
		DD60F9B31CAC149B003383C0 /* LDEndlessShow */ = {
			isa = PBXGroup;
			children = (
				DDF309491CAFD4E2009CB92D /* animationShowSDK */,
				DDF308FA1CAF6CEA009CB92D /* others */,
				DDF308F91CAF6CBA009CB92D /* demonstrateController */,
				DDF308F81CAF6C9D009CB92D /* endlessShowSDK */,
				DD60F9B41CAC149B003383C0 /* Supporting Files */,
				DDF309531CB002A4009CB92D /* LDHomeCell.h */,
				DDF309541CB002A4009CB92D /* LDHomeCell.m */,
			);
			path = LDEndlessShow;
			sourceTree = "<group>";
		};
		DD60F9B41CAC149B003383C0 /* Supporting Files */ = {
			isa = PBXGroup;
			children = (
				DD60F9C01CAC149B003383C0 /* Assets.xcassets */,
				DD60F9BD1CAC149B003383C0 /* Main.storyboard */,
				DD60F9C21CAC149B003383C0 /* LaunchScreen.storyboard */,
				DD60F9C51CAC149B003383C0 /* Info.plist */,
				DD60F9B51CAC149B003383C0 /* main.m */,
			);
			name = "Supporting Files";
			sourceTree = "<group>";
		};
		DD60F9CD1CAC149B003383C0 /* LDEndlessShowTests */ = {
			isa = PBXGroup;
			children = (
				DD60F9CE1CAC149B003383C0 /* LDEndlessShowTests.m */,
				DD60F9D01CAC149B003383C0 /* Info.plist */,
			);
			path = LDEndlessShowTests;
			sourceTree = "<group>";
		};
		DD60F9D81CAC149B003383C0 /* LDEndlessShowUITests */ = {
			isa = PBXGroup;
			children = (
				DD60F9D91CAC149B003383C0 /* LDEndlessShowUITests.m */,
				DD60F9DB1CAC149B003383C0 /* Info.plist */,
			);
			path = LDEndlessShowUITests;
			sourceTree = "<group>";
		};
		DDF308F81CAF6C9D009CB92D /* endlessShowSDK */ = {
			isa = PBXGroup;
			children = (
				DDF308851CAD65BA009CB92D /* LDHeaderView.h */,
				DDF308861CAD65BA009CB92D /* LDHeaderView.m */,
				DDF308F51CAF5A37009CB92D /* UIView+endlessShow.h */,
				DDF308F61CAF5A37009CB92D /* UIView+endlessShow.m */,
			);
			name = endlessShowSDK;
			sourceTree = "<group>";
		};
		DDF308F91CAF6CBA009CB92D /* demonstrateController */ = {
			isa = PBXGroup;
			children = (
				DDF308881CAD7A70009CB92D /* LDHeaderViewController.h */,
				DDF308891CAD7A70009CB92D /* LDHeaderViewController.m */,
				DDF308CA1CAE6930009CB92D /* LDHomeViewController.h */,
				DDF308CB1CAE6930009CB92D /* LDHomeViewController.m */,
			);
			name = demonstrateController;
			sourceTree = "<group>";
		};
		DDF308FA1CAF6CEA009CB92D /* others */ = {
			isa = PBXGroup;
			children = (
				DD60F9B71CAC149B003383C0 /* AppDelegate.h */,
				DD60F9B81CAC149B003383C0 /* AppDelegate.m */,
			);
			name = others;
			sourceTree = "<group>";
		};
		DDF309491CAFD4E2009CB92D /* animationShowSDK */ = {
			isa = PBXGroup;
			children = (
				DDF3094A1CAFD584009CB92D /* LDAnimationView.h */,
				DDF3094B1CAFD584009CB92D /* LDAnimationView.m */,
				DDF3094C1CAFD584009CB92D /* UIView+Animation.h */,
				DDF3094D1CAFD584009CB92D /* UIView+Animation.m */,
				DDF309501CAFD605009CB92D /* LDSecondViewController.h */,
				DDF309511CAFD605009CB92D /* LDSecondViewController.m */,
			);
			name = animationShowSDK;
			sourceTree = "<group>";
		};
		E84F0B78C68251787AACB31A /* Frameworks */ = {
			isa = PBXGroup;
			children = (
				3E103AA32A9571ED1BD466B0 /* libPods.a */,
			);
			name = Frameworks;
			sourceTree = "<group>";
		};
/* End PBXGroup section */

/* Begin PBXNativeTarget section */
		DD60F9B01CAC149B003383C0 /* LDEndlessShow */ = {
			isa = PBXNativeTarget;
			buildConfigurationList = DD60F9DE1CAC149B003383C0 /* Build configuration list for PBXNativeTarget "LDEndlessShow" */;
			buildPhases = (
				87E9B7BB38B83A709F7773D8 /* Check Pods Manifest.lock */,
				DD60F9AD1CAC149B003383C0 /* Sources */,
				DD60F9AE1CAC149B003383C0 /* Frameworks */,
				DD60F9AF1CAC149B003383C0 /* Resources */,
				7AA5F7D4227461F33E5D121E /* Embed Pods Frameworks */,
				00C10D6A99FE85B7F515E63F /* Copy Pods Resources */,
			);
			buildRules = (
			);
			dependencies = (
			);
			name = LDEndlessShow;
			productName = LDEndlessShow;
			productReference = DD60F9B11CAC149B003383C0 /* LDEndlessShow.app */;
			productType = "com.apple.product-type.application";
		};
		DD60F9C91CAC149B003383C0 /* LDEndlessShowTests */ = {
			isa = PBXNativeTarget;
			buildConfigurationList = DD60F9E11CAC149B003383C0 /* Build configuration list for PBXNativeTarget "LDEndlessShowTests" */;
			buildPhases = (
				DD60F9C61CAC149B003383C0 /* Sources */,
				DD60F9C71CAC149B003383C0 /* Frameworks */,
				DD60F9C81CAC149B003383C0 /* Resources */,
			);
			buildRules = (
			);
			dependencies = (
				DD60F9CC1CAC149B003383C0 /* PBXTargetDependency */,
			);
			name = LDEndlessShowTests;
			productName = LDEndlessShowTests;
			productReference = DD60F9CA1CAC149B003383C0 /* LDEndlessShowTests.xctest */;
			productType = "com.apple.product-type.bundle.unit-test";
		};
		DD60F9D41CAC149B003383C0 /* LDEndlessShowUITests */ = {
			isa = PBXNativeTarget;
			buildConfigurationList = DD60F9E41CAC149B003383C0 /* Build configuration list for PBXNativeTarget "LDEndlessShowUITests" */;
			buildPhases = (
				DD60F9D11CAC149B003383C0 /* Sources */,
				DD60F9D21CAC149B003383C0 /* Frameworks */,
				DD60F9D31CAC149B003383C0 /* Resources */,
			);
			buildRules = (
			);
			dependencies = (
				DD60F9D71CAC149B003383C0 /* PBXTargetDependency */,
			);
			name = LDEndlessShowUITests;
			productName = LDEndlessShowUITests;
			productReference = DD60F9D51CAC149B003383C0 /* LDEndlessShowUITests.xctest */;
			productType = "com.apple.product-type.bundle.ui-testing";
		};
/* End PBXNativeTarget section */

/* Begin PBXProject section */
		DD60F9A91CAC149B003383C0 /* Project object */ = {
			isa = PBXProject;
			attributes = {
				LastUpgradeCheck = 0720;
				ORGANIZATIONNAME = XDCodeLee;
				TargetAttributes = {
					DD60F9B01CAC149B003383C0 = {
						CreatedOnToolsVersion = 7.2;
					};
					DD60F9C91CAC149B003383C0 = {
						CreatedOnToolsVersion = 7.2;
						TestTargetID = DD60F9B01CAC149B003383C0;
					};
					DD60F9D41CAC149B003383C0 = {
						CreatedOnToolsVersion = 7.2;
						TestTargetID = DD60F9B01CAC149B003383C0;
					};
				};
			};
			buildConfigurationList = DD60F9AC1CAC149B003383C0 /* Build configuration list for PBXProject "LDEndlessShow" */;
			compatibilityVersion = "Xcode 3.2";
			developmentRegion = English;
			hasScannedForEncodings = 0;
			knownRegions = (
				en,
				Base,
			);
			mainGroup = DD60F9A81CAC149B003383C0;
			productRefGroup = DD60F9B21CAC149B003383C0 /* Products */;
			projectDirPath = "";
			projectRoot = "";
			targets = (
				DD60F9B01CAC149B003383C0 /* LDEndlessShow */,
				DD60F9C91CAC149B003383C0 /* LDEndlessShowTests */,
				DD60F9D41CAC149B003383C0 /* LDEndlessShowUITests */,
			);
		};
/* End PBXProject section */

/* Begin PBXResourcesBuildPhase section */
		DD60F9AF1CAC149B003383C0 /* Resources */ = {
			isa = PBXResourcesBuildPhase;
			buildActionMask = 2147483647;
			files = (
				DD60F9C41CAC149B003383C0 /* LaunchScreen.storyboard in Resources */,
				DD60F9C11CAC149B003383C0 /* Assets.xcassets in Resources */,
				DD60F9BF1CAC149B003383C0 /* Main.storyboard in Resources */,
			);
			runOnlyForDeploymentPostprocessing = 0;
		};
		DD60F9C81CAC149B003383C0 /* Resources */ = {
			isa = PBXResourcesBuildPhase;
			buildActionMask = 2147483647;
			files = (
			);
			runOnlyForDeploymentPostprocessing = 0;
		};
		DD60F9D31CAC149B003383C0 /* Resources */ = {
			isa = PBXResourcesBuildPhase;
			buildActionMask = 2147483647;
			files = (
			);
			runOnlyForDeploymentPostprocessing = 0;
		};
/* End PBXResourcesBuildPhase section */

/* Begin PBXShellScriptBuildPhase section */
		00C10D6A99FE85B7F515E63F /* Copy Pods Resources */ = {
			isa = PBXShellScriptBuildPhase;
			buildActionMask = 2147483647;
			files = (
			);
			inputPaths = (
			);
			name = "Copy Pods Resources";
			outputPaths = (
			);
			runOnlyForDeploymentPostprocessing = 0;
			shellPath = /bin/sh;
			shellScript = "\"${SRCROOT}/Pods/Target Support Files/Pods/Pods-resources.sh\"\n";
			showEnvVarsInLog = 0;
		};
		7AA5F7D4227461F33E5D121E /* Embed Pods Frameworks */ = {
			isa = PBXShellScriptBuildPhase;
			buildActionMask = 2147483647;
			files = (
			);
			inputPaths = (
			);
			name = "Embed Pods Frameworks";
			outputPaths = (
			);
			runOnlyForDeploymentPostprocessing = 0;
			shellPath = /bin/sh;
			shellScript = "\"${SRCROOT}/Pods/Target Support Files/Pods/Pods-frameworks.sh\"\n";
			showEnvVarsInLog = 0;
		};
		87E9B7BB38B83A709F7773D8 /* Check Pods Manifest.lock */ = {
			isa = PBXShellScriptBuildPhase;
			buildActionMask = 2147483647;
			files = (
			);
			inputPaths = (
			);
			name = "Check Pods Manifest.lock";
			outputPaths = (
			);
			runOnlyForDeploymentPostprocessing = 0;
			shellPath = /bin/sh;
			shellScript = "diff \"${PODS_ROOT}/../Podfile.lock\" \"${PODS_ROOT}/Manifest.lock\" > /dev/null\nif [[ $? != 0 ]] ; then\n    cat << EOM\nerror: The sandbox is not in sync with the Podfile.lock. Run 'pod install' or update your CocoaPods installation.\nEOM\n    exit 1\nfi\n";
			showEnvVarsInLog = 0;
		};
/* End PBXShellScriptBuildPhase section */

/* Begin PBXSourcesBuildPhase section */
		DD60F9AD1CAC149B003383C0 /* Sources */ = {
			isa = PBXSourcesBuildPhase;
			buildActionMask = 2147483647;
			files = (
				DDF3094E1CAFD584009CB92D /* LDAnimationView.m in Sources */,
				DDF3094F1CAFD584009CB92D /* UIView+Animation.m in Sources */,
				DDF309521CAFD605009CB92D /* LDSecondViewController.m in Sources */,
				DDF308871CAD65BA009CB92D /* LDHeaderView.m in Sources */,
				DDF309551CB002A4009CB92D /* LDHomeCell.m in Sources */,
				DDF308CC1CAE6930009CB92D /* LDHomeViewController.m in Sources */,
				DDF308F71CAF5A37009CB92D /* UIView+endlessShow.m in Sources */,
				DD60F9B91CAC149B003383C0 /* AppDelegate.m in Sources */,
				DD60F9B61CAC149B003383C0 /* main.m in Sources */,
				DDF3088A1CAD7A70009CB92D /* LDHeaderViewController.m in Sources */,
			);
			runOnlyForDeploymentPostprocessing = 0;
		};
		DD60F9C61CAC149B003383C0 /* Sources */ = {
			isa = PBXSourcesBuildPhase;
			buildActionMask = 2147483647;
			files = (
				DD60F9CF1CAC149B003383C0 /* LDEndlessShowTests.m in Sources */,
			);
			runOnlyForDeploymentPostprocessing = 0;
		};
		DD60F9D11CAC149B003383C0 /* Sources */ = {
			isa = PBXSourcesBuildPhase;
			buildActionMask = 2147483647;
			files = (
				DD60F9DA1CAC149B003383C0 /* LDEndlessShowUITests.m in Sources */,
			);
			runOnlyForDeploymentPostprocessing = 0;
		};
/* End PBXSourcesBuildPhase section */

/* Begin PBXTargetDependency section */
		DD60F9CC1CAC149B003383C0 /* PBXTargetDependency */ = {
			isa = PBXTargetDependency;
			target = DD60F9B01CAC149B003383C0 /* LDEndlessShow */;
			targetProxy = DD60F9CB1CAC149B003383C0 /* PBXContainerItemProxy */;
		};
		DD60F9D71CAC149B003383C0 /* PBXTargetDependency */ = {
			isa = PBXTargetDependency;
			target = DD60F9B01CAC149B003383C0 /* LDEndlessShow */;
			targetProxy = DD60F9D61CAC149B003383C0 /* PBXContainerItemProxy */;
		};
/* End PBXTargetDependency section */

/* Begin PBXVariantGroup section */
		DD60F9BD1CAC149B003383C0 /* Main.storyboard */ = {
			isa = PBXVariantGroup;
			children = (
				DD60F9BE1CAC149B003383C0 /* Base */,
			);
			name = Main.storyboard;
			sourceTree = "<group>";
		};
		DD60F9C21CAC149B003383C0 /* LaunchScreen.storyboard */ = {
			isa = PBXVariantGroup;
			children = (
				DD60F9C31CAC149B003383C0 /* Base */,
			);
			name = LaunchScreen.storyboard;
			sourceTree = "<group>";
		};
/* End PBXVariantGroup section */

/* Begin XCBuildConfiguration section */
		DD60F9DC1CAC149B003383C0 /* Debug */ = {
			isa = XCBuildConfiguration;
			buildSettings = {
				ALWAYS_SEARCH_USER_PATHS = NO;
				CLANG_CXX_LANGUAGE_STANDARD = "gnu++0x";
				CLANG_CXX_LIBRARY = "libc++";
				CLANG_ENABLE_MODULES = YES;
				CLANG_ENABLE_OBJC_ARC = YES;
				CLANG_WARN_BOOL_CONVERSION = YES;
				CLANG_WARN_CONSTANT_CONVERSION = YES;
				CLANG_WARN_DIRECT_OBJC_ISA_USAGE = YES_ERROR;
				CLANG_WARN_EMPTY_BODY = YES;
				CLANG_WARN_ENUM_CONVERSION = YES;
				CLANG_WARN_INT_CONVERSION = YES;
				CLANG_WARN_OBJC_ROOT_CLASS = YES_ERROR;
				CLANG_WARN_UNREACHABLE_CODE = YES;
				CLANG_WARN__DUPLICATE_METHOD_MATCH = YES;
				"CODE_SIGN_IDENTITY[sdk=iphoneos*]" = "iPhone Developer";
				COPY_PHASE_STRIP = NO;
				DEBUG_INFORMATION_FORMAT = dwarf;
				ENABLE_STRICT_OBJC_MSGSEND = YES;
				ENABLE_TESTABILITY = YES;
				GCC_C_LANGUAGE_STANDARD = gnu99;
				GCC_DYNAMIC_NO_PIC = NO;
				GCC_NO_COMMON_BLOCKS = YES;
				GCC_OPTIMIZATION_LEVEL = 0;
				GCC_PREPROCESSOR_DEFINITIONS = (
					"DEBUG=1",
					"$(inherited)",
				);
				GCC_WARN_64_TO_32_BIT_CONVERSION = YES;
				GCC_WARN_ABOUT_RETURN_TYPE = YES_ERROR;
				GCC_WARN_UNDECLARED_SELECTOR = YES;
				GCC_WARN_UNINITIALIZED_AUTOS = YES_AGGRESSIVE;
				GCC_WARN_UNUSED_FUNCTION = YES;
				GCC_WARN_UNUSED_VARIABLE = YES;
				IPHONEOS_DEPLOYMENT_TARGET = 9.2;
				MTL_ENABLE_DEBUG_INFO = YES;
				ONLY_ACTIVE_ARCH = YES;
				SDKROOT = iphoneos;
				TARGETED_DEVICE_FAMILY = "1,2";
			};
			name = Debug;
		};
		DD60F9DD1CAC149B003383C0 /* Release */ = {
			isa = XCBuildConfiguration;
			buildSettings = {
				ALWAYS_SEARCH_USER_PATHS = NO;
				CLANG_CXX_LANGUAGE_STANDARD = "gnu++0x";
				CLANG_CXX_LIBRARY = "libc++";
				CLANG_ENABLE_MODULES = YES;
				CLANG_ENABLE_OBJC_ARC = YES;
				CLANG_WARN_BOOL_CONVERSION = YES;
				CLANG_WARN_CONSTANT_CONVERSION = YES;
				CLANG_WARN_DIRECT_OBJC_ISA_USAGE = YES_ERROR;
				CLANG_WARN_EMPTY_BODY = YES;
				CLANG_WARN_ENUM_CONVERSION = YES;
				CLANG_WARN_INT_CONVERSION = YES;
				CLANG_WARN_OBJC_ROOT_CLASS = YES_ERROR;
				CLANG_WARN_UNREACHABLE_CODE = YES;
				CLANG_WARN__DUPLICATE_METHOD_MATCH = YES;
				"CODE_SIGN_IDENTITY[sdk=iphoneos*]" = "iPhone Developer";
				COPY_PHASE_STRIP = NO;
				DEBUG_INFORMATION_FORMAT = "dwarf-with-dsym";
				ENABLE_NS_ASSERTIONS = NO;
				ENABLE_STRICT_OBJC_MSGSEND = YES;
				GCC_C_LANGUAGE_STANDARD = gnu99;
				GCC_NO_COMMON_BLOCKS = YES;
				GCC_WARN_64_TO_32_BIT_CONVERSION = YES;
				GCC_WARN_ABOUT_RETURN_TYPE = YES_ERROR;
				GCC_WARN_UNDECLARED_SELECTOR = YES;
				GCC_WARN_UNINITIALIZED_AUTOS = YES_AGGRESSIVE;
				GCC_WARN_UNUSED_FUNCTION = YES;
				GCC_WARN_UNUSED_VARIABLE = YES;
				IPHONEOS_DEPLOYMENT_TARGET = 9.2;
				MTL_ENABLE_DEBUG_INFO = NO;
				SDKROOT = iphoneos;
				TARGETED_DEVICE_FAMILY = "1,2";
				VALIDATE_PRODUCT = YES;
			};
			name = Release;
		};
		DD60F9DF1CAC149B003383C0 /* Debug */ = {
			isa = XCBuildConfiguration;
			baseConfigurationReference = 04B765A59A5CD2FCA91AF198 /* Pods.debug.xcconfig */;
			buildSettings = {
				ASSETCATALOG_COMPILER_APPICON_NAME = AppIcon;
				INFOPLIST_FILE = LDEndlessShow/Info.plist;
				IPHONEOS_DEPLOYMENT_TARGET = 9.2;
				LD_RUNPATH_SEARCH_PATHS = "$(inherited) @executable_path/Frameworks";
				PRODUCT_BUNDLE_IDENTIFIER = com.iOS.www.LDEndlessShow;
				PRODUCT_NAME = "$(TARGET_NAME)";
			};
			name = Debug;
		};
		DD60F9E01CAC149B003383C0 /* Release */ = {
			isa = XCBuildConfiguration;
			baseConfigurationReference = 3EED10C483D9E0BF966468EC /* Pods.release.xcconfig */;
			buildSettings = {
				ASSETCATALOG_COMPILER_APPICON_NAME = AppIcon;
				INFOPLIST_FILE = LDEndlessShow/Info.plist;
				IPHONEOS_DEPLOYMENT_TARGET = 9.2;
				LD_RUNPATH_SEARCH_PATHS = "$(inherited) @executable_path/Frameworks";
				PRODUCT_BUNDLE_IDENTIFIER = com.iOS.www.LDEndlessShow;
				PRODUCT_NAME = "$(TARGET_NAME)";
			};
			name = Release;
		};
		DD60F9E21CAC149B003383C0 /* Debug */ = {
			isa = XCBuildConfiguration;
			buildSettings = {
				BUNDLE_LOADER = "$(TEST_HOST)";
				INFOPLIST_FILE = LDEndlessShowTests/Info.plist;
				LD_RUNPATH_SEARCH_PATHS = "$(inherited) @executable_path/Frameworks @loader_path/Frameworks";
				PRODUCT_BUNDLE_IDENTIFIER = com.iOS.www.LDEndlessShowTests;
				PRODUCT_NAME = "$(TARGET_NAME)";
				TEST_HOST = "$(BUILT_PRODUCTS_DIR)/LDEndlessShow.app/LDEndlessShow";
			};
			name = Debug;
		};
		DD60F9E31CAC149B003383C0 /* Release */ = {
			isa = XCBuildConfiguration;
			buildSettings = {
				BUNDLE_LOADER = "$(TEST_HOST)";
				INFOPLIST_FILE = LDEndlessShowTests/Info.plist;
				LD_RUNPATH_SEARCH_PATHS = "$(inherited) @executable_path/Frameworks @loader_path/Frameworks";
				PRODUCT_BUNDLE_IDENTIFIER = com.iOS.www.LDEndlessShowTests;
				PRODUCT_NAME = "$(TARGET_NAME)";
				TEST_HOST = "$(BUILT_PRODUCTS_DIR)/LDEndlessShow.app/LDEndlessShow";
			};
			name = Release;
		};
		DD60F9E51CAC149B003383C0 /* Debug */ = {
			isa = XCBuildConfiguration;
			buildSettings = {
				INFOPLIST_FILE = LDEndlessShowUITests/Info.plist;
				LD_RUNPATH_SEARCH_PATHS = "$(inherited) @executable_path/Frameworks @loader_path/Frameworks";
				PRODUCT_BUNDLE_IDENTIFIER = com.iOS.www.LDEndlessShowUITests;
				PRODUCT_NAME = "$(TARGET_NAME)";
				TEST_TARGET_NAME = LDEndlessShow;
				USES_XCTRUNNER = YES;
			};
			name = Debug;
		};
		DD60F9E61CAC149B003383C0 /* Release */ = {
			isa = XCBuildConfiguration;
			buildSettings = {
				INFOPLIST_FILE = LDEndlessShowUITests/Info.plist;
				LD_RUNPATH_SEARCH_PATHS = "$(inherited) @executable_path/Frameworks @loader_path/Frameworks";
				PRODUCT_BUNDLE_IDENTIFIER = com.iOS.www.LDEndlessShowUITests;
				PRODUCT_NAME = "$(TARGET_NAME)";
				TEST_TARGET_NAME = LDEndlessShow;
				USES_XCTRUNNER = YES;
			};
			name = Release;
		};
/* End XCBuildConfiguration section */

/* Begin XCConfigurationList section */
		DD60F9AC1CAC149B003383C0 /* Build configuration list for PBXProject "LDEndlessShow" */ = {
			isa = XCConfigurationList;
			buildConfigurations = (
				DD60F9DC1CAC149B003383C0 /* Debug */,
				DD60F9DD1CAC149B003383C0 /* Release */,
			);
			defaultConfigurationIsVisible = 0;
			defaultConfigurationName = Release;
		};
		DD60F9DE1CAC149B003383C0 /* Build configuration list for PBXNativeTarget "LDEndlessShow" */ = {
			isa = XCConfigurationList;
			buildConfigurations = (
				DD60F9DF1CAC149B003383C0 /* Debug */,
				DD60F9E01CAC149B003383C0 /* Release */,
			);
			defaultConfigurationIsVisible = 0;
			defaultConfigurationName = Release;
		};
		DD60F9E11CAC149B003383C0 /* Build configuration list for PBXNativeTarget "LDEndlessShowTests" */ = {
			isa = XCConfigurationList;
			buildConfigurations = (
				DD60F9E21CAC149B003383C0 /* Debug */,
				DD60F9E31CAC149B003383C0 /* Release */,
			);
			defaultConfigurationIsVisible = 0;
			defaultConfigurationName = Release;
		};
		DD60F9E41CAC149B003383C0 /* Build configuration list for PBXNativeTarget "LDEndlessShowUITests" */ = {
			isa = XCConfigurationList;
			buildConfigurations = (
				DD60F9E51CAC149B003383C0 /* Debug */,
				DD60F9E61CAC149B003383C0 /* Release */,
			);
			defaultConfigurationIsVisible = 0;
			defaultConfigurationName = Release;
		};
/* End XCConfigurationList section */
	};
	rootObject = DD60F9A91CAC149B003383C0 /* Project object */;
}
